
Microsoft Visual Studio Solution File, Format Version 12.00
# Visual Studio Version 16
VisualStudioVersion = 16.0.29613.14
MinimumVisualStudioVersion = 10.0.40219.1
Project("{FAE04EC0-301F-11D3-BF4B-00C04F79EFBC}") = "Pazzo CRUD", "Pazzo CRUD\Pazzo CRUD.csproj", "{64414CD0-D5CF-4B70-9339-C74E3C80297C}"
EndProject
Project("{FAE04EC0-301F-11D3-BF4B-00C04F79EFBC}") = "UnitTestPazzo", "UnitTestPazzo\UnitTestPazzo.csproj", "{3A66307F-0DFF-475F-B0BD-F3EC57F0CF24}"
EndProject
Global
	GlobalSection(SolutionConfigurationPlatforms) = preSolution
		Debug|Any CPU = Debug|Any CPU
		Release|Any CPU = Release|Any CPU
	EndGlobalSection
	GlobalSection(ProjectConfigurationPlatforms) = postSolution
		{64414CD0-D5CF-4B70-9339-C74E3C80297C}.Debug|Any CPU.ActiveCfg = Debug|Any CPU
		{64414CD0-D5CF-4B70-9339-C74E3C80297C}.Debug|Any CPU.Build.0 = Debug|Any CPU
		{64414CD0-D5CF-4B70-9339-C74E3C80297C}.Release|Any CPU.ActiveCfg = Release|Any CPU
		{64414CD0-D5CF-4B70-9339-C74E3C80297C}.Release|Any CPU.Build.0 = Release|Any CPU
		{3A66307F-0DFF-475F-B0BD-F3EC57F0CF24}.Debug|Any CPU.ActiveCfg = Debug|Any CPU
		{3A66307F-0DFF-475F-B0BD-F3EC57F0CF24}.Debug|Any CPU.Build.0 = Debug|Any CPU
		{3A66307F-0DFF-475F-B0BD-F3EC57F0CF24}.Release|Any CPU.ActiveCfg = Release|Any CPU
		{3A66307F-0DFF-475F-B0BD-F3EC57F0CF24}.Release|Any CPU.Build.0 = Release|Any CPU
	EndGlobalSection
	GlobalSection(SolutionProperties) = preSolution
		HideSolutionNode = FALSE
	EndGlobalSection
	GlobalSection(ExtensibilityGlobals) = postSolution
		SolutionGuid = {B01CFFF2-D1F6-40D4-976C-1600BD5AD740}
	EndGlobalSection
EndGlobal
